{
  "version": 4,
  "terraform_version": "1.5.6",
  "serial": 3,
  "lineage": "eefcd900-da49-6912-253f-de0db801ecd7",
  "outputs": {},
  "resources": [
    {
      "mode": "managed",
      "type": "aws_db_parameter_group",
      "name": "default-postgres9-6",
      "provider": "provider[\"registry.terraform.io/hashicorp/aws\"]",
      "instances": [
        {
          "schema_version": 0,
          "attributes": {
            "arn": "arn:aws:rds:us-east-2:504376484015:pg:default.postgres9.6",
            "description": "Default parameter group for postgres9.6",
            "family": "postgres9.6",
            "id": "default.postgres9.6",
            "name": "default.postgres9.6",
            "name_prefix": null,
            "parameter": [],
            "tags": {},
            "tags_all": {}
          },
          "sensitive_attributes": [],
          "private": "bnVsbA=="
        }
      ]
    }
  ],
  "check_results": null
}
