{
  "version": 4,
  "terraform_version": "1.5.6",
  "serial": 22,
  "lineage": "5c6cdd41-5bd4-9b95-1b3d-f431b3bd32db",
  "outputs": {},
  "resources": [
    {
      "mode": "managed",
      "type": "aws_backup_plan",
      "name": "example",
      "provider": "provider[\"registry.terraform.io/hashicorp/aws\"]",
      "instances": [
        {
          "schema_version": 0,
          "attributes": {
            "advanced_backup_setting": [
              {
                "backup_options": {
                  "WindowsVSS": "enabled"
                },
                "resource_type": "EC2"
              }
            ],
            "arn": "arn:aws:backup:us-east-2:504376484015:backup-plan:49cd43cf-9fd3-4106-bc6e-fe395dbc7d9f",
            "id": "49cd43cf-9fd3-4106-bc6e-fe395dbc7d9f",
            "name": "tf_example_backup_plan",
            "rule": [
              {
                "completion_window": 180,
                "copy_action": [],
                "enable_continuous_backup": false,
                "lifecycle": [
                  {
                    "cold_storage_after": null,
                    "delete_after": 14
                  }
                ],
                "recovery_point_tags": null,
                "rule_name": "tf_example_backup_rule",
                "schedule": "cron(0 12 * * ? *)",
                "schedule_timezone": "US/Eastern",
                "start_window": 60,
                "target_vault_name": "example_backup_vault"
              }
            ],
            "tags": null,
            "tags_all": {},
            "version": "NjRlMTVlOWEtY2M4NC00MjU1LWFiODYtYThhMmNlOGY0ZTRl"
          },
          "sensitive_attributes": [],
          "private": "bnVsbA==",
          "dependencies": [
            "aws_backup_vault.test"
          ]
        }
      ]
    },
    {
      "mode": "managed",
      "type": "aws_backup_vault",
      "name": "test",
      "provider": "provider[\"registry.terraform.io/hashicorp/aws\"]",
      "instances": [
        {
          "schema_version": 0,
          "attributes": {
            "arn": "arn:aws:backup:us-east-2:504376484015:backup-vault:example_backup_vault",
            "force_destroy": false,
            "id": "example_backup_vault",
            "kms_key_arn": "arn:aws:kms:us-east-2:504376484015:key/b5a5993c-a126-4d1d-b507-4f3aa33a2641",
            "name": "example_backup_vault",
            "recovery_points": 0,
            "tags": {},
            "tags_all": {},
            "timeouts": null
          },
          "sensitive_attributes": [],
          "private": "eyJlMmJmYjczMC1lY2FhLTExZTYtOGY4OC0zNDM2M2JjN2M0YzAiOnsiZGVsZXRlIjo2MDAwMDAwMDAwMDB9fQ==",
          "dependencies": [
            "aws_kms_key.example"
          ]
        }
      ]
    },
    {
      "mode": "managed",
      "type": "aws_kms_key",
      "name": "example",
      "provider": "provider[\"registry.terraform.io/hashicorp/aws\"]",
      "instances": [
        {
          "schema_version": 0,
          "attributes": {
            "arn": "arn:aws:kms:us-east-2:504376484015:key/b5a5993c-a126-4d1d-b507-4f3aa33a2641",
            "bypass_policy_lockout_safety_check": false,
            "custom_key_store_id": "",
            "customer_master_key_spec": "SYMMETRIC_DEFAULT",
            "deletion_window_in_days": 10,
            "description": "KMS key 1",
            "enable_key_rotation": false,
            "id": "b5a5993c-a126-4d1d-b507-4f3aa33a2641",
            "is_enabled": true,
            "key_id": "b5a5993c-a126-4d1d-b507-4f3aa33a2641",
            "key_usage": "ENCRYPT_DECRYPT",
            "multi_region": false,
            "policy": "{\"Id\":\"key-default-1\",\"Statement\":[{\"Action\":\"kms:*\",\"Effect\":\"Allow\",\"Principal\":{\"AWS\":\"arn:aws:iam::504376484015:root\"},\"Resource\":\"*\",\"Sid\":\"Enable IAM User Permissions\"}],\"Version\":\"2012-10-17\"}",
            "tags": {},
            "tags_all": {}
          },
          "sensitive_attributes": [],
          "private": "bnVsbA=="
        }
      ]
    }
  ],
  "check_results": null
}
